
Microsoft Visual Studio Solution File, Format Version 12.00
# Visual Studio Version 16
VisualStudioVersion = 16.0.31025.194
MinimumVisualStudioVersion = 10.0.40219.1
Project("{FAE04EC0-301F-11D3-BF4B-00C04F79EFBC}") = "Pabd_Exercise_1", "Pabd_Exercise_1.csproj", "{DE4977AE-A6EF-437F-898B-A9FEB980806A}"
EndProject
Global
	GlobalSection(SolutionConfigurationPlatforms) = preSolution
		Debug|Any CPU = Debug|Any CPU
		Release|Any CPU = Release|Any CPU
	EndGlobalSection
	GlobalSection(ProjectConfigurationPlatforms) = postSolution
		{DE4977AE-A6EF-437F-898B-A9FEB980806A}.Debug|Any CPU.ActiveCfg = Debug|Any CPU
		{DE4977AE-A6EF-437F-898B-A9FEB980806A}.Debug|Any CPU.Build.0 = Debug|Any CPU
		{DE4977AE-A6EF-437F-898B-A9FEB980806A}.Release|Any CPU.ActiveCfg = Release|Any CPU
		{DE4977AE-A6EF-437F-898B-A9FEB980806A}.Release|Any CPU.Build.0 = Release|Any CPU
	EndGlobalSection
	GlobalSection(SolutionProperties) = preSolution
		HideSolutionNode = FALSE
	EndGlobalSection
	GlobalSection(ExtensibilityGlobals) = postSolution
		SolutionGuid = {D5650C55-8097-4E0A-8617-974CD83CCE0B}
	EndGlobalSection
EndGlobal
